{
	"name": "octo-guard",
	"version": "1.0.0",
	"lockfileVersion": 1,
	"requires": true,
	"dependencies": {
		"@types/jquery": {
			"version": "3.3.4",
			"resolved": "https://registry.npmjs.org/@types/jquery/-/jquery-3.3.4.tgz",
			"integrity": "sha512-KqgLNDh8oTl43/2B78S7tjwPnOxPtP9wQsLptbuQCmMwqH5QuPZOk36RsNgbs3mnq/3SCyG1l/GJmhKk5Dg68g=="
		}
	}
}
